// !$*UTF8*$!
{
	archiveVersion = 1;
	classes = {
	};
	objectVersion = 56;
	objects = {

/* Begin PBXBuildFile section */
		C34061EC29B0528F00BB2767 /* LoadProductsfromLocalJSONFileUseTestCase.swift in Sources */ = {isa = PBXBuildFile; fileRef = C34061EB29B0528E00BB2767 /* LoadProductsfromLocalJSONFileUseTestCase.swift */; };
		C34061EE29B052DD00BB2767 /* JSONFileReader.swift in Sources */ = {isa = PBXBuildFile; fileRef = C34061ED29B052DD00BB2767 /* JSONFileReader.swift */; };
		C34061F529B059E800BB2767 /* Offers.json in Resources */ = {isa = PBXBuildFile; fileRef = C34061F029B054F900BB2767 /* Offers.json */; };
		C34061F729B059FC00BB2767 /* Offers.json in Resources */ = {isa = PBXBuildFile; fileRef = C34061F629B059FC00BB2767 /* Offers.json */; };
		C34061FA29B05BCC00BB2767 /* InvalidJSON.json in Resources */ = {isa = PBXBuildFile; fileRef = C34061F929B05BCC00BB2767 /* InvalidJSON.json */; };
		C34061FC29B05CA300BB2767 /* EmptyProducts.json in Resources */ = {isa = PBXBuildFile; fileRef = C34061FB29B05CA300BB2767 /* EmptyProducts.json */; };
		C39E53BD29B0055C00220433 /* AppDelegate.swift in Sources */ = {isa = PBXBuildFile; fileRef = C39E53BC29B0055C00220433 /* AppDelegate.swift */; };
		C39E53BF29B0055C00220433 /* SceneDelegate.swift in Sources */ = {isa = PBXBuildFile; fileRef = C39E53BE29B0055C00220433 /* SceneDelegate.swift */; };
		C39E53C129B0055C00220433 /* ProductsListViewController.swift in Sources */ = {isa = PBXBuildFile; fileRef = C39E53C029B0055C00220433 /* ProductsListViewController.swift */; };
		C39E53C629B0055D00220433 /* Assets.xcassets in Resources */ = {isa = PBXBuildFile; fileRef = C39E53C529B0055D00220433 /* Assets.xcassets */; };
		C39E53C929B0055D00220433 /* LaunchScreen.storyboard in Resources */ = {isa = PBXBuildFile; fileRef = C39E53C729B0055D00220433 /* LaunchScreen.storyboard */; };
		C39E53ED29B00A4E00220433 /* LoadProductsfromLocalUseTestCase.swift in Sources */ = {isa = PBXBuildFile; fileRef = C39E53EC29B00A4E00220433 /* LoadProductsfromLocalUseTestCase.swift */; };
		C39E53F029B01F0600220433 /* LocalFeedLoader.swift in Sources */ = {isa = PBXBuildFile; fileRef = C39E53EF29B01F0600220433 /* LocalFeedLoader.swift */; };
		C39E53F329B01F3900220433 /* FeedLoader.swift in Sources */ = {isa = PBXBuildFile; fileRef = C39E53F229B01F3900220433 /* FeedLoader.swift */; };
		C39E53F629B01F5400220433 /* FeedProduct.swift in Sources */ = {isa = PBXBuildFile; fileRef = C39E53F529B01F5400220433 /* FeedProduct.swift */; };
		C39E53F829B01FA800220433 /* FileReader.swift in Sources */ = {isa = PBXBuildFile; fileRef = C39E53F729B01FA800220433 /* FileReader.swift */; };
		C39E53FA29B0387400220433 /* FeedProductMapper.swift in Sources */ = {isa = PBXBuildFile; fileRef = C39E53F929B0387300220433 /* FeedProductMapper.swift */; };
		C39E53FE29B0420600220433 /* FileReaderSpy.swift in Sources */ = {isa = PBXBuildFile; fileRef = C39E53FD29B0420600220433 /* FileReaderSpy.swift */; };
		C39E540029B0424100220433 /* LoadProductsfromLocalUseTestCase+Helpers.swift in Sources */ = {isa = PBXBuildFile; fileRef = C39E53FF29B0424100220433 /* LoadProductsfromLocalUseTestCase+Helpers.swift */; };
		C3AE7B7029B0E77200308947 /* ProductsListViewControllerUseTestCase.swift in Sources */ = {isa = PBXBuildFile; fileRef = C3AE7B6F29B0E77200308947 /* ProductsListViewControllerUseTestCase.swift */; };
		C3AE7B7429B0FE4800308947 /* ProductsListCollectionViewCell.swift in Sources */ = {isa = PBXBuildFile; fileRef = C3AE7B7329B0FE4800308947 /* ProductsListCollectionViewCell.swift */; };
/* End PBXBuildFile section */

/* Begin PBXContainerItemProxy section */
		C39E53D029B0055E00220433 /* PBXContainerItemProxy */ = {
			isa = PBXContainerItemProxy;
			containerPortal = C39E53B129B0055C00220433 /* Project object */;
			proxyType = 1;
			remoteGlobalIDString = C39E53B829B0055C00220433;
			remoteInfo = "e-store";
		};
/* End PBXContainerItemProxy section */

/* Begin PBXFileReference section */
		C34061EB29B0528E00BB2767 /* LoadProductsfromLocalJSONFileUseTestCase.swift */ = {isa = PBXFileReference; lastKnownFileType = sourcecode.swift; path = LoadProductsfromLocalJSONFileUseTestCase.swift; sourceTree = "<group>"; };
		C34061ED29B052DD00BB2767 /* JSONFileReader.swift */ = {isa = PBXFileReference; lastKnownFileType = sourcecode.swift; path = JSONFileReader.swift; sourceTree = "<group>"; };
		C34061F029B054F900BB2767 /* Offers.json */ = {isa = PBXFileReference; explicitFileType = text.json; path = Offers.json; sourceTree = "<group>"; };
		C34061F629B059FC00BB2767 /* Offers.json */ = {isa = PBXFileReference; explicitFileType = text.json; path = Offers.json; sourceTree = "<group>"; };
		C34061F929B05BCC00BB2767 /* InvalidJSON.json */ = {isa = PBXFileReference; explicitFileType = text.json; path = InvalidJSON.json; sourceTree = "<group>"; };
		C34061FB29B05CA300BB2767 /* EmptyProducts.json */ = {isa = PBXFileReference; explicitFileType = text.json; path = EmptyProducts.json; sourceTree = "<group>"; };
		C39E53B929B0055C00220433 /* e-store.app */ = {isa = PBXFileReference; explicitFileType = wrapper.application; includeInIndex = 0; path = "e-store.app"; sourceTree = BUILT_PRODUCTS_DIR; };
		C39E53BC29B0055C00220433 /* AppDelegate.swift */ = {isa = PBXFileReference; lastKnownFileType = sourcecode.swift; path = AppDelegate.swift; sourceTree = "<group>"; };
		C39E53BE29B0055C00220433 /* SceneDelegate.swift */ = {isa = PBXFileReference; lastKnownFileType = sourcecode.swift; path = SceneDelegate.swift; sourceTree = "<group>"; };
		C39E53C029B0055C00220433 /* ProductsListViewController.swift */ = {isa = PBXFileReference; lastKnownFileType = sourcecode.swift; path = ProductsListViewController.swift; sourceTree = "<group>"; };
		C39E53C529B0055D00220433 /* Assets.xcassets */ = {isa = PBXFileReference; lastKnownFileType = folder.assetcatalog; path = Assets.xcassets; sourceTree = "<group>"; };
		C39E53C829B0055D00220433 /* Base */ = {isa = PBXFileReference; lastKnownFileType = file.storyboard; name = Base; path = Base.lproj/LaunchScreen.storyboard; sourceTree = "<group>"; };
		C39E53CA29B0055D00220433 /* Info.plist */ = {isa = PBXFileReference; lastKnownFileType = text.plist.xml; path = Info.plist; sourceTree = "<group>"; };
		C39E53CF29B0055E00220433 /* e-storeTests.xctest */ = {isa = PBXFileReference; explicitFileType = wrapper.cfbundle; includeInIndex = 0; path = "e-storeTests.xctest"; sourceTree = BUILT_PRODUCTS_DIR; };
		C39E53EC29B00A4E00220433 /* LoadProductsfromLocalUseTestCase.swift */ = {isa = PBXFileReference; lastKnownFileType = sourcecode.swift; path = LoadProductsfromLocalUseTestCase.swift; sourceTree = "<group>"; };
		C39E53EF29B01F0600220433 /* LocalFeedLoader.swift */ = {isa = PBXFileReference; lastKnownFileType = sourcecode.swift; path = LocalFeedLoader.swift; sourceTree = "<group>"; };
		C39E53F229B01F3900220433 /* FeedLoader.swift */ = {isa = PBXFileReference; lastKnownFileType = sourcecode.swift; path = FeedLoader.swift; sourceTree = "<group>"; };
		C39E53F529B01F5400220433 /* FeedProduct.swift */ = {isa = PBXFileReference; lastKnownFileType = sourcecode.swift; path = FeedProduct.swift; sourceTree = "<group>"; };
		C39E53F729B01FA800220433 /* FileReader.swift */ = {isa = PBXFileReference; lastKnownFileType = sourcecode.swift; path = FileReader.swift; sourceTree = "<group>"; };
		C39E53F929B0387300220433 /* FeedProductMapper.swift */ = {isa = PBXFileReference; lastKnownFileType = sourcecode.swift; path = FeedProductMapper.swift; sourceTree = "<group>"; };
		C39E53FD29B0420600220433 /* FileReaderSpy.swift */ = {isa = PBXFileReference; lastKnownFileType = sourcecode.swift; path = FileReaderSpy.swift; sourceTree = "<group>"; };
		C39E53FF29B0424100220433 /* LoadProductsfromLocalUseTestCase+Helpers.swift */ = {isa = PBXFileReference; lastKnownFileType = sourcecode.swift; path = "LoadProductsfromLocalUseTestCase+Helpers.swift"; sourceTree = "<group>"; };
		C3AE7B6F29B0E77200308947 /* ProductsListViewControllerUseTestCase.swift */ = {isa = PBXFileReference; lastKnownFileType = sourcecode.swift; path = ProductsListViewControllerUseTestCase.swift; sourceTree = "<group>"; };
		C3AE7B7329B0FE4800308947 /* ProductsListCollectionViewCell.swift */ = {isa = PBXFileReference; lastKnownFileType = sourcecode.swift; path = ProductsListCollectionViewCell.swift; sourceTree = "<group>"; };
/* End PBXFileReference section */

/* Begin PBXFrameworksBuildPhase section */
		C39E53B629B0055C00220433 /* Frameworks */ = {
			isa = PBXFrameworksBuildPhase;
			buildActionMask = 2147483647;
			files = (
			);
			runOnlyForDeploymentPostprocessing = 0;
		};
		C39E53CC29B0055E00220433 /* Frameworks */ = {
			isa = PBXFrameworksBuildPhase;
			buildActionMask = 2147483647;
			files = (
			);
			runOnlyForDeploymentPostprocessing = 0;
		};
/* End PBXFrameworksBuildPhase section */

/* Begin PBXGroup section */
		C34061EF29B054D000BB2767 /* JSONFiles */ = {
			isa = PBXGroup;
			children = (
			);
			path = JSONFiles;
			sourceTree = "<group>";
		};
		C34061F829B05A8900BB2767 /* JSONFilesTest */ = {
			isa = PBXGroup;
			children = (
				C34061F629B059FC00BB2767 /* Offers.json */,
				C34061F929B05BCC00BB2767 /* InvalidJSON.json */,
				C34061FB29B05CA300BB2767 /* EmptyProducts.json */,
			);
			path = JSONFilesTest;
			sourceTree = "<group>";
		};
		C39E53B029B0055C00220433 = {
			isa = PBXGroup;
			children = (
				C39E53BB29B0055C00220433 /* e-store */,
				C39E53D229B0055E00220433 /* e-storeTests */,
				C39E53BA29B0055C00220433 /* Products */,
			);
			sourceTree = "<group>";
		};
		C39E53BA29B0055C00220433 /* Products */ = {
			isa = PBXGroup;
			children = (
				C39E53B929B0055C00220433 /* e-store.app */,
				C39E53CF29B0055E00220433 /* e-storeTests.xctest */,
			);
			name = Products;
			sourceTree = "<group>";
		};
		C39E53BB29B0055C00220433 /* e-store */ = {
			isa = PBXGroup;
			children = (
				C3AE7B7129B0E8EE00308947 /* Views */,
				C34061F029B054F900BB2767 /* Offers.json */,
				C34061EF29B054D000BB2767 /* JSONFiles */,
				C39E53FB29B0395600220433 /* Feed Feature */,
				C39E53F429B01F4100220433 /* Models */,
				C39E53BC29B0055C00220433 /* AppDelegate.swift */,
				C39E53BE29B0055C00220433 /* SceneDelegate.swift */,
				C39E53C529B0055D00220433 /* Assets.xcassets */,
				C39E53C729B0055D00220433 /* LaunchScreen.storyboard */,
				C39E53CA29B0055D00220433 /* Info.plist */,
			);
			path = "e-store";
			sourceTree = "<group>";
		};
		C39E53D229B0055E00220433 /* e-storeTests */ = {
			isa = PBXGroup;
			children = (
				C39E53FC29B041F800220433 /* Helpers */,
				C39E53EC29B00A4E00220433 /* LoadProductsfromLocalUseTestCase.swift */,
				C34061EB29B0528E00BB2767 /* LoadProductsfromLocalJSONFileUseTestCase.swift */,
				C3AE7B6F29B0E77200308947 /* ProductsListViewControllerUseTestCase.swift */,
			);
			path = "e-storeTests";
			sourceTree = "<group>";
		};
		C39E53EE29B01ECA00220433 /* FeedLoader */ = {
			isa = PBXGroup;
			children = (
				C39E53EF29B01F0600220433 /* LocalFeedLoader.swift */,
				C39E53F729B01FA800220433 /* FileReader.swift */,
				C39E53F929B0387300220433 /* FeedProductMapper.swift */,
				C34061ED29B052DD00BB2767 /* JSONFileReader.swift */,
			);
			path = FeedLoader;
			sourceTree = "<group>";
		};
		C39E53F429B01F4100220433 /* Models */ = {
			isa = PBXGroup;
			children = (
				C39E53F529B01F5400220433 /* FeedProduct.swift */,
			);
			path = Models;
			sourceTree = "<group>";
		};
		C39E53FB29B0395600220433 /* Feed Feature */ = {
			isa = PBXGroup;
			children = (
				C39E53F229B01F3900220433 /* FeedLoader.swift */,
				C39E53EE29B01ECA00220433 /* FeedLoader */,
			);
			path = "Feed Feature";
			sourceTree = "<group>";
		};
		C39E53FC29B041F800220433 /* Helpers */ = {
			isa = PBXGroup;
			children = (
				C34061F829B05A8900BB2767 /* JSONFilesTest */,
				C39E53FD29B0420600220433 /* FileReaderSpy.swift */,
				C39E53FF29B0424100220433 /* LoadProductsfromLocalUseTestCase+Helpers.swift */,
			);
			path = Helpers;
			sourceTree = "<group>";
		};
		C3AE7B7129B0E8EE00308947 /* Views */ = {
			isa = PBXGroup;
			children = (
				C3AE7B7229B0FE1900308947 /* CollectionViewCell */,
				C39E53C029B0055C00220433 /* ProductsListViewController.swift */,
			);
			path = Views;
			sourceTree = "<group>";
		};
		C3AE7B7229B0FE1900308947 /* CollectionViewCell */ = {
			isa = PBXGroup;
			children = (
				C3AE7B7329B0FE4800308947 /* ProductsListCollectionViewCell.swift */,
			);
			path = CollectionViewCell;
			sourceTree = "<group>";
		};
/* End PBXGroup section */

/* Begin PBXNativeTarget section */
		C39E53B829B0055C00220433 /* e-store */ = {
			isa = PBXNativeTarget;
			buildConfigurationList = C39E53E329B0055E00220433 /* Build configuration list for PBXNativeTarget "e-store" */;
			buildPhases = (
				C39E53B529B0055C00220433 /* Sources */,
				C39E53B629B0055C00220433 /* Frameworks */,
				C39E53B729B0055C00220433 /* Resources */,
			);
			buildRules = (
			);
			dependencies = (
			);
			name = "e-store";
			productName = "e-store";
			productReference = C39E53B929B0055C00220433 /* e-store.app */;
			productType = "com.apple.product-type.application";
		};
		C39E53CE29B0055E00220433 /* e-storeTests */ = {
			isa = PBXNativeTarget;
			buildConfigurationList = C39E53E629B0055E00220433 /* Build configuration list for PBXNativeTarget "e-storeTests" */;
			buildPhases = (
				C39E53CB29B0055E00220433 /* Sources */,
				C39E53CC29B0055E00220433 /* Frameworks */,
				C39E53CD29B0055E00220433 /* Resources */,
			);
			buildRules = (
			);
			dependencies = (
				C39E53D129B0055E00220433 /* PBXTargetDependency */,
			);
			name = "e-storeTests";
			productName = "e-storeTests";
			productReference = C39E53CF29B0055E00220433 /* e-storeTests.xctest */;
			productType = "com.apple.product-type.bundle.unit-test";
		};
/* End PBXNativeTarget section */

/* Begin PBXProject section */
		C39E53B129B0055C00220433 /* Project object */ = {
			isa = PBXProject;
			attributes = {
				BuildIndependentTargetsInParallel = 1;
				LastSwiftUpdateCheck = 1400;
				LastUpgradeCheck = 1400;
				TargetAttributes = {
					C39E53B829B0055C00220433 = {
						CreatedOnToolsVersion = 14.0.1;
					};
					C39E53CE29B0055E00220433 = {
						CreatedOnToolsVersion = 14.0.1;
						TestTargetID = C39E53B829B0055C00220433;
					};
				};
			};
			buildConfigurationList = C39E53B429B0055C00220433 /* Build configuration list for PBXProject "e-store" */;
			compatibilityVersion = "Xcode 14.0";
			developmentRegion = en;
			hasScannedForEncodings = 0;
			knownRegions = (
				en,
				Base,
			);
			mainGroup = C39E53B029B0055C00220433;
			productRefGroup = C39E53BA29B0055C00220433 /* Products */;
			projectDirPath = "";
			projectRoot = "";
			targets = (
				C39E53B829B0055C00220433 /* e-store */,
				C39E53CE29B0055E00220433 /* e-storeTests */,
			);
		};
/* End PBXProject section */

/* Begin PBXResourcesBuildPhase section */
		C39E53B729B0055C00220433 /* Resources */ = {
			isa = PBXResourcesBuildPhase;
			buildActionMask = 2147483647;
			files = (
				C39E53C929B0055D00220433 /* LaunchScreen.storyboard in Resources */,
				C34061F529B059E800BB2767 /* Offers.json in Resources */,
				C39E53C629B0055D00220433 /* Assets.xcassets in Resources */,
			);
			runOnlyForDeploymentPostprocessing = 0;
		};
		C39E53CD29B0055E00220433 /* Resources */ = {
			isa = PBXResourcesBuildPhase;
			buildActionMask = 2147483647;
			files = (
				C34061FC29B05CA300BB2767 /* EmptyProducts.json in Resources */,
				C34061FA29B05BCC00BB2767 /* InvalidJSON.json in Resources */,
				C34061F729B059FC00BB2767 /* Offers.json in Resources */,
			);
			runOnlyForDeploymentPostprocessing = 0;
		};
/* End PBXResourcesBuildPhase section */

/* Begin PBXSourcesBuildPhase section */
		C39E53B529B0055C00220433 /* Sources */ = {
			isa = PBXSourcesBuildPhase;
			buildActionMask = 2147483647;
			files = (
				C39E53C129B0055C00220433 /* ProductsListViewController.swift in Sources */,
				C39E53BD29B0055C00220433 /* AppDelegate.swift in Sources */,
				C3AE7B7429B0FE4800308947 /* ProductsListCollectionViewCell.swift in Sources */,
				C39E53F829B01FA800220433 /* FileReader.swift in Sources */,
				C39E53F029B01F0600220433 /* LocalFeedLoader.swift in Sources */,
				C39E53FA29B0387400220433 /* FeedProductMapper.swift in Sources */,
				C34061EE29B052DD00BB2767 /* JSONFileReader.swift in Sources */,
				C39E53F329B01F3900220433 /* FeedLoader.swift in Sources */,
				C39E53BF29B0055C00220433 /* SceneDelegate.swift in Sources */,
				C39E53F629B01F5400220433 /* FeedProduct.swift in Sources */,
			);
			runOnlyForDeploymentPostprocessing = 0;
		};
		C39E53CB29B0055E00220433 /* Sources */ = {
			isa = PBXSourcesBuildPhase;
			buildActionMask = 2147483647;
			files = (
				C39E53ED29B00A4E00220433 /* LoadProductsfromLocalUseTestCase.swift in Sources */,
				C39E53FE29B0420600220433 /* FileReaderSpy.swift in Sources */,
				C39E540029B0424100220433 /* LoadProductsfromLocalUseTestCase+Helpers.swift in Sources */,
				C3AE7B7029B0E77200308947 /* ProductsListViewControllerUseTestCase.swift in Sources */,
				C34061EC29B0528F00BB2767 /* LoadProductsfromLocalJSONFileUseTestCase.swift in Sources */,
			);
			runOnlyForDeploymentPostprocessing = 0;
		};
/* End PBXSourcesBuildPhase section */

/* Begin PBXTargetDependency section */
		C39E53D129B0055E00220433 /* PBXTargetDependency */ = {
			isa = PBXTargetDependency;
			target = C39E53B829B0055C00220433 /* e-store */;
			targetProxy = C39E53D029B0055E00220433 /* PBXContainerItemProxy */;
		};
/* End PBXTargetDependency section */

/* Begin PBXVariantGroup section */
		C39E53C729B0055D00220433 /* LaunchScreen.storyboard */ = {
			isa = PBXVariantGroup;
			children = (
				C39E53C829B0055D00220433 /* Base */,
			);
			name = LaunchScreen.storyboard;
			sourceTree = "<group>";
		};
/* End PBXVariantGroup section */

/* Begin XCBuildConfiguration section */
		C39E53E129B0055E00220433 /* Debug */ = {
			isa = XCBuildConfiguration;
			buildSettings = {
				ALWAYS_SEARCH_USER_PATHS = NO;
				CLANG_ANALYZER_NONNULL = YES;
				CLANG_ANALYZER_NUMBER_OBJECT_CONVERSION = YES_AGGRESSIVE;
				CLANG_CXX_LANGUAGE_STANDARD = "gnu++20";
				CLANG_ENABLE_MODULES = YES;
				CLANG_ENABLE_OBJC_ARC = YES;
				CLANG_ENABLE_OBJC_WEAK = YES;
				CLANG_WARN_BLOCK_CAPTURE_AUTORELEASING = YES;
				CLANG_WARN_BOOL_CONVERSION = YES;
				CLANG_WARN_COMMA = YES;
				CLANG_WARN_CONSTANT_CONVERSION = YES;
				CLANG_WARN_DEPRECATED_OBJC_IMPLEMENTATIONS = YES;
				CLANG_WARN_DIRECT_OBJC_ISA_USAGE = YES_ERROR;
				CLANG_WARN_DOCUMENTATION_COMMENTS = YES;
				CLANG_WARN_EMPTY_BODY = YES;
				CLANG_WARN_ENUM_CONVERSION = YES;
				CLANG_WARN_INFINITE_RECURSION = YES;
				CLANG_WARN_INT_CONVERSION = YES;
				CLANG_WARN_NON_LITERAL_NULL_CONVERSION = YES;
				CLANG_WARN_OBJC_IMPLICIT_RETAIN_SELF = YES;
				CLANG_WARN_OBJC_LITERAL_CONVERSION = YES;
				CLANG_WARN_OBJC_ROOT_CLASS = YES_ERROR;
				CLANG_WARN_QUOTED_INCLUDE_IN_FRAMEWORK_HEADER = YES;
				CLANG_WARN_RANGE_LOOP_ANALYSIS = YES;
				CLANG_WARN_STRICT_PROTOTYPES = YES;
				CLANG_WARN_SUSPICIOUS_MOVE = YES;
				CLANG_WARN_UNGUARDED_AVAILABILITY = YES_AGGRESSIVE;
				CLANG_WARN_UNREACHABLE_CODE = YES;
				CLANG_WARN__DUPLICATE_METHOD_MATCH = YES;
				COPY_PHASE_STRIP = NO;
				DEBUG_INFORMATION_FORMAT = dwarf;
				ENABLE_STRICT_OBJC_MSGSEND = YES;
				ENABLE_TESTABILITY = YES;
				GCC_C_LANGUAGE_STANDARD = gnu11;
				GCC_DYNAMIC_NO_PIC = NO;
				GCC_NO_COMMON_BLOCKS = YES;
				GCC_OPTIMIZATION_LEVEL = 0;
				GCC_PREPROCESSOR_DEFINITIONS = (
					"DEBUG=1",
					"$(inherited)",
				);
				GCC_WARN_64_TO_32_BIT_CONVERSION = YES;
				GCC_WARN_ABOUT_RETURN_TYPE = YES_ERROR;
				GCC_WARN_UNDECLARED_SELECTOR = YES;
				GCC_WARN_UNINITIALIZED_AUTOS = YES_AGGRESSIVE;
				GCC_WARN_UNUSED_FUNCTION = YES;
				GCC_WARN_UNUSED_VARIABLE = YES;
				IPHONEOS_DEPLOYMENT_TARGET = 16.0;
				MTL_ENABLE_DEBUG_INFO = INCLUDE_SOURCE;
				MTL_FAST_MATH = YES;
				ONLY_ACTIVE_ARCH = YES;
				SDKROOT = iphoneos;
				SWIFT_ACTIVE_COMPILATION_CONDITIONS = DEBUG;
				SWIFT_OPTIMIZATION_LEVEL = "-Onone";
			};
			name = Debug;
		};
		C39E53E229B0055E00220433 /* Release */ = {
			isa = XCBuildConfiguration;
			buildSettings = {
				ALWAYS_SEARCH_USER_PATHS = NO;
				CLANG_ANALYZER_NONNULL = YES;
				CLANG_ANALYZER_NUMBER_OBJECT_CONVERSION = YES_AGGRESSIVE;
				CLANG_CXX_LANGUAGE_STANDARD = "gnu++20";
				CLANG_ENABLE_MODULES = YES;
				CLANG_ENABLE_OBJC_ARC = YES;
				CLANG_ENABLE_OBJC_WEAK = YES;
				CLANG_WARN_BLOCK_CAPTURE_AUTORELEASING = YES;
				CLANG_WARN_BOOL_CONVERSION = YES;
				CLANG_WARN_COMMA = YES;
				CLANG_WARN_CONSTANT_CONVERSION = YES;
				CLANG_WARN_DEPRECATED_OBJC_IMPLEMENTATIONS = YES;
				CLANG_WARN_DIRECT_OBJC_ISA_USAGE = YES_ERROR;
				CLANG_WARN_DOCUMENTATION_COMMENTS = YES;
				CLANG_WARN_EMPTY_BODY = YES;
				CLANG_WARN_ENUM_CONVERSION = YES;
				CLANG_WARN_INFINITE_RECURSION = YES;
				CLANG_WARN_INT_CONVERSION = YES;
				CLANG_WARN_NON_LITERAL_NULL_CONVERSION = YES;
				CLANG_WARN_OBJC_IMPLICIT_RETAIN_SELF = YES;
				CLANG_WARN_OBJC_LITERAL_CONVERSION = YES;
				CLANG_WARN_OBJC_ROOT_CLASS = YES_ERROR;
				CLANG_WARN_QUOTED_INCLUDE_IN_FRAMEWORK_HEADER = YES;
				CLANG_WARN_RANGE_LOOP_ANALYSIS = YES;
				CLANG_WARN_STRICT_PROTOTYPES = YES;
				CLANG_WARN_SUSPICIOUS_MOVE = YES;
				CLANG_WARN_UNGUARDED_AVAILABILITY = YES_AGGRESSIVE;
				CLANG_WARN_UNREACHABLE_CODE = YES;
				CLANG_WARN__DUPLICATE_METHOD_MATCH = YES;
				COPY_PHASE_STRIP = NO;
				DEBUG_INFORMATION_FORMAT = "dwarf-with-dsym";
				ENABLE_NS_ASSERTIONS = NO;
				ENABLE_STRICT_OBJC_MSGSEND = YES;
				GCC_C_LANGUAGE_STANDARD = gnu11;
				GCC_NO_COMMON_BLOCKS = YES;
				GCC_WARN_64_TO_32_BIT_CONVERSION = YES;
				GCC_WARN_ABOUT_RETURN_TYPE = YES_ERROR;
				GCC_WARN_UNDECLARED_SELECTOR = YES;
				GCC_WARN_UNINITIALIZED_AUTOS = YES_AGGRESSIVE;
				GCC_WARN_UNUSED_FUNCTION = YES;
				GCC_WARN_UNUSED_VARIABLE = YES;
				IPHONEOS_DEPLOYMENT_TARGET = 16.0;
				MTL_ENABLE_DEBUG_INFO = NO;
				MTL_FAST_MATH = YES;
				SDKROOT = iphoneos;
				SWIFT_COMPILATION_MODE = wholemodule;
				SWIFT_OPTIMIZATION_LEVEL = "-O";
				VALIDATE_PRODUCT = YES;
			};
			name = Release;
		};
		C39E53E429B0055E00220433 /* Debug */ = {
			isa = XCBuildConfiguration;
			buildSettings = {
				ASSETCATALOG_COMPILER_APPICON_NAME = AppIcon;
				ASSETCATALOG_COMPILER_GLOBAL_ACCENT_COLOR_NAME = AccentColor;
				CODE_SIGN_STYLE = Automatic;
				CURRENT_PROJECT_VERSION = 1;
				DEVELOPMENT_TEAM = 9P74L4GXWB;
				GENERATE_INFOPLIST_FILE = YES;
				INFOPLIST_FILE = "e-store/Info.plist";
				INFOPLIST_KEY_UIApplicationSupportsIndirectInputEvents = YES;
				INFOPLIST_KEY_UILaunchStoryboardName = LaunchScreen;
				INFOPLIST_KEY_UIMainStoryboardFile = "";
				INFOPLIST_KEY_UISupportedInterfaceOrientations_iPad = "UIInterfaceOrientationPortrait UIInterfaceOrientationPortraitUpsideDown UIInterfaceOrientationLandscapeLeft UIInterfaceOrientationLandscapeRight";
				INFOPLIST_KEY_UISupportedInterfaceOrientations_iPhone = "UIInterfaceOrientationPortrait UIInterfaceOrientationLandscapeLeft UIInterfaceOrientationLandscapeRight";
				LD_RUNPATH_SEARCH_PATHS = (
					"$(inherited)",
					"@executable_path/Frameworks",
				);
				MARKETING_VERSION = 1.0;
				PRODUCT_BUNDLE_IDENTIFIER = "com.dukena.e-store";
				PRODUCT_NAME = "$(TARGET_NAME)";
				SWIFT_EMIT_LOC_STRINGS = YES;
				SWIFT_VERSION = 5.0;
				TARGETED_DEVICE_FAMILY = "1,2";
			};
			name = Debug;
		};
		C39E53E529B0055E00220433 /* Release */ = {
			isa = XCBuildConfiguration;
			buildSettings = {
				ASSETCATALOG_COMPILER_APPICON_NAME = AppIcon;
				ASSETCATALOG_COMPILER_GLOBAL_ACCENT_COLOR_NAME = AccentColor;
				CODE_SIGN_STYLE = Automatic;
				CURRENT_PROJECT_VERSION = 1;
				DEVELOPMENT_TEAM = 9P74L4GXWB;
				GENERATE_INFOPLIST_FILE = YES;
				INFOPLIST_FILE = "e-store/Info.plist";
				INFOPLIST_KEY_UIApplicationSupportsIndirectInputEvents = YES;
				INFOPLIST_KEY_UILaunchStoryboardName = LaunchScreen;
				INFOPLIST_KEY_UIMainStoryboardFile = "";
				INFOPLIST_KEY_UISupportedInterfaceOrientations_iPad = "UIInterfaceOrientationPortrait UIInterfaceOrientationPortraitUpsideDown UIInterfaceOrientationLandscapeLeft UIInterfaceOrientationLandscapeRight";
				INFOPLIST_KEY_UISupportedInterfaceOrientations_iPhone = "UIInterfaceOrientationPortrait UIInterfaceOrientationLandscapeLeft UIInterfaceOrientationLandscapeRight";
				LD_RUNPATH_SEARCH_PATHS = (
					"$(inherited)",
					"@executable_path/Frameworks",
				);
				MARKETING_VERSION = 1.0;
				PRODUCT_BUNDLE_IDENTIFIER = "com.dukena.e-store";
				PRODUCT_NAME = "$(TARGET_NAME)";
				SWIFT_EMIT_LOC_STRINGS = YES;
				SWIFT_VERSION = 5.0;
				TARGETED_DEVICE_FAMILY = "1,2";
			};
			name = Release;
		};
		C39E53E729B0055E00220433 /* Debug */ = {
			isa = XCBuildConfiguration;
			buildSettings = {
				ALWAYS_EMBED_SWIFT_STANDARD_LIBRARIES = YES;
				BUNDLE_LOADER = "$(TEST_HOST)";
				CODE_SIGN_STYLE = Automatic;
				CURRENT_PROJECT_VERSION = 1;
				DEVELOPMENT_TEAM = 9P74L4GXWB;
				GENERATE_INFOPLIST_FILE = YES;
				IPHONEOS_DEPLOYMENT_TARGET = 16.0;
				MARKETING_VERSION = 1.0;
				PRODUCT_BUNDLE_IDENTIFIER = "com.dukena.e-storeTests";
				PRODUCT_NAME = "$(TARGET_NAME)";
				SWIFT_EMIT_LOC_STRINGS = NO;
				SWIFT_VERSION = 5.0;
				TARGETED_DEVICE_FAMILY = "1,2";
				TEST_HOST = "$(BUILT_PRODUCTS_DIR)/e-store.app/$(BUNDLE_EXECUTABLE_FOLDER_PATH)/e-store";
			};
			name = Debug;
		};
		C39E53E829B0055E00220433 /* Release */ = {
			isa = XCBuildConfiguration;
			buildSettings = {
				ALWAYS_EMBED_SWIFT_STANDARD_LIBRARIES = YES;
				BUNDLE_LOADER = "$(TEST_HOST)";
				CODE_SIGN_STYLE = Automatic;
				CURRENT_PROJECT_VERSION = 1;
				DEVELOPMENT_TEAM = 9P74L4GXWB;
				GENERATE_INFOPLIST_FILE = YES;
				IPHONEOS_DEPLOYMENT_TARGET = 16.0;
				MARKETING_VERSION = 1.0;
				PRODUCT_BUNDLE_IDENTIFIER = "com.dukena.e-storeTests";
				PRODUCT_NAME = "$(TARGET_NAME)";
				SWIFT_EMIT_LOC_STRINGS = NO;
				SWIFT_VERSION = 5.0;
				TARGETED_DEVICE_FAMILY = "1,2";
				TEST_HOST = "$(BUILT_PRODUCTS_DIR)/e-store.app/$(BUNDLE_EXECUTABLE_FOLDER_PATH)/e-store";
			};
			name = Release;
		};
/* End XCBuildConfiguration section */

/* Begin XCConfigurationList section */
		C39E53B429B0055C00220433 /* Build configuration list for PBXProject "e-store" */ = {
			isa = XCConfigurationList;
			buildConfigurations = (
				C39E53E129B0055E00220433 /* Debug */,
				C39E53E229B0055E00220433 /* Release */,
			);
			defaultConfigurationIsVisible = 0;
			defaultConfigurationName = Release;
		};
		C39E53E329B0055E00220433 /* Build configuration list for PBXNativeTarget "e-store" */ = {
			isa = XCConfigurationList;
			buildConfigurations = (
				C39E53E429B0055E00220433 /* Debug */,
				C39E53E529B0055E00220433 /* Release */,
			);
			defaultConfigurationIsVisible = 0;
			defaultConfigurationName = Release;
		};
		C39E53E629B0055E00220433 /* Build configuration list for PBXNativeTarget "e-storeTests" */ = {
			isa = XCConfigurationList;
			buildConfigurations = (
				C39E53E729B0055E00220433 /* Debug */,
				C39E53E829B0055E00220433 /* Release */,
			);
			defaultConfigurationIsVisible = 0;
			defaultConfigurationName = Release;
		};
/* End XCConfigurationList section */
	};
	rootObject = C39E53B129B0055C00220433 /* Project object */;
}
